
Microsoft Visual Studio Solution File, Format Version 12.00
# Visual Studio 15
VisualStudioVersion = 15.0.27703.2047
MinimumVisualStudioVersion = 10.0.40219.1
Project("{FAE04EC0-301F-11D3-BF4B-00C04F79EFBC}") = "Lab", "Lab\Lab.csproj", "{15635C36-F6DD-4A5E-B917-64485467E640}"
EndProject
Global
	GlobalSection(SolutionConfigurationPlatforms) = preSolution
		Debug|Any CPU = Debug|Any CPU
		Release|Any CPU = Release|Any CPU
	EndGlobalSection
	GlobalSection(ProjectConfigurationPlatforms) = postSolution
		{15635C36-F6DD-4A5E-B917-64485467E640}.Debug|Any CPU.ActiveCfg = Debug|Any CPU
		{15635C36-F6DD-4A5E-B917-64485467E640}.Debug|Any CPU.Build.0 = Debug|Any CPU
		{15635C36-F6DD-4A5E-B917-64485467E640}.Release|Any CPU.ActiveCfg = Release|Any CPU
		{15635C36-F6DD-4A5E-B917-64485467E640}.Release|Any CPU.Build.0 = Release|Any CPU
	EndGlobalSection
	GlobalSection(SolutionProperties) = preSolution
		HideSolutionNode = FALSE
	EndGlobalSection
	GlobalSection(ExtensibilityGlobals) = postSolution
		SolutionGuid = {931DF88F-1C23-4AC9-9510-BEDDC4006F50}
	EndGlobalSection
EndGlobal
