
Microsoft Visual Studio Solution File, Format Version 12.00
# Visual Studio 15
VisualStudioVersion = 15.0.28010.2019
MinimumVisualStudioVersion = 10.0.40219.1
Project("{9A19103F-16F7-4668-BE54-9A1E7A4F7556}") = "SIS.HTTP", "SIS.HTTP\SIS.HTTP.csproj", "{A6973552-54A4-414A-9844-290E7F7E3474}"
EndProject
Project("{9A19103F-16F7-4668-BE54-9A1E7A4F7556}") = "SIS.WebServer", "SIS.WebServer\SIS.WebServer.csproj", "{08A71508-D4D2-4D5C-BF78-8380A8E9523B}"
EndProject
Project("{2150E333-8FDC-42A3-9474-1A3956D46DE8}") = "Apps", "Apps", "{E9723AAC-C91B-49D3-860B-E5D98669858B}"
EndProject
Project("{2150E333-8FDC-42A3-9474-1A3956D46DE8}") = "Cakes", "Cakes", "{E98AFE12-440F-4E39-B800-87492A7F724F}"
EndProject
Project("{9A19103F-16F7-4668-BE54-9A1E7A4F7556}") = "CakesApp", "Apps\Cakes\Cakes.App\CakesApp.csproj", "{326952AA-CA6A-489F-8D87-FD4ED50CDEF4}"
EndProject
Project("{9A19103F-16F7-4668-BE54-9A1E7A4F7556}") = "CakesData", "Apps\Cakes\Data\CakesData.csproj", "{4C352A59-DA23-4377-8385-D7DD2366B3FB}"
EndProject
Project("{9A19103F-16F7-4668-BE54-9A1E7A4F7556}") = "CakesModels", "Apps\Cakes\Models\CakesModels.csproj", "{35BF96B5-0139-4DC0-9742-55AFABD20210}"
EndProject
Project("{2150E333-8FDC-42A3-9474-1A3956D46DE8}") = "IRunes", "IRunes", "{D0FE047E-037F-40B3-A47E-84F04F91DF6D}"
EndProject
Project("{9A19103F-16F7-4668-BE54-9A1E7A4F7556}") = "IRunesApp", "Apps\IRunes\IRunesApp\IRunesApp.csproj", "{F78AB3F9-F349-4A1D-89FC-C7214916AA04}"
EndProject
Project("{9A19103F-16F7-4668-BE54-9A1E7A4F7556}") = "IRunesData", "Apps\IRunes\IRunesData\IRunesData.csproj", "{F2BBC7A6-C178-4E76-9B5B-B5EA6E7AB364}"
EndProject
Project("{9A19103F-16F7-4668-BE54-9A1E7A4F7556}") = "IRunesModels", "Apps\IRunes\IRunesModels\IRunesModels.csproj", "{827E90CE-525F-4AEB-9974-E25D600C297F}"
EndProject
Project("{FAE04EC0-301F-11D3-BF4B-00C04F79EFBC}") = "SIS.Framework", "SIS.Framework\SIS.Framework.csproj", "{B6BD3B90-E91E-40BE-8FFA-332D1BE3E671}"
EndProject
Project("{FAE04EC0-301F-11D3-BF4B-00C04F79EFBC}") = "SIS.Demo", "SIS.Demo\SIS.Demo.csproj", "{77B66E7F-E2D1-4FD2-A158-04EEEF14F667}"
EndProject
Global
	GlobalSection(SolutionConfigurationPlatforms) = preSolution
		Debug|Any CPU = Debug|Any CPU
		Release|Any CPU = Release|Any CPU
	EndGlobalSection
	GlobalSection(ProjectConfigurationPlatforms) = postSolution
		{A6973552-54A4-414A-9844-290E7F7E3474}.Debug|Any CPU.ActiveCfg = Debug|Any CPU
		{A6973552-54A4-414A-9844-290E7F7E3474}.Debug|Any CPU.Build.0 = Debug|Any CPU
		{A6973552-54A4-414A-9844-290E7F7E3474}.Release|Any CPU.ActiveCfg = Release|Any CPU
		{A6973552-54A4-414A-9844-290E7F7E3474}.Release|Any CPU.Build.0 = Release|Any CPU
		{08A71508-D4D2-4D5C-BF78-8380A8E9523B}.Debug|Any CPU.ActiveCfg = Debug|Any CPU
		{08A71508-D4D2-4D5C-BF78-8380A8E9523B}.Debug|Any CPU.Build.0 = Debug|Any CPU
		{08A71508-D4D2-4D5C-BF78-8380A8E9523B}.Release|Any CPU.ActiveCfg = Release|Any CPU
		{08A71508-D4D2-4D5C-BF78-8380A8E9523B}.Release|Any CPU.Build.0 = Release|Any CPU
		{326952AA-CA6A-489F-8D87-FD4ED50CDEF4}.Debug|Any CPU.ActiveCfg = Debug|Any CPU
		{326952AA-CA6A-489F-8D87-FD4ED50CDEF4}.Debug|Any CPU.Build.0 = Debug|Any CPU
		{326952AA-CA6A-489F-8D87-FD4ED50CDEF4}.Release|Any CPU.ActiveCfg = Release|Any CPU
		{326952AA-CA6A-489F-8D87-FD4ED50CDEF4}.Release|Any CPU.Build.0 = Release|Any CPU
		{4C352A59-DA23-4377-8385-D7DD2366B3FB}.Debug|Any CPU.ActiveCfg = Debug|Any CPU
		{4C352A59-DA23-4377-8385-D7DD2366B3FB}.Debug|Any CPU.Build.0 = Debug|Any CPU
		{4C352A59-DA23-4377-8385-D7DD2366B3FB}.Release|Any CPU.ActiveCfg = Release|Any CPU
		{4C352A59-DA23-4377-8385-D7DD2366B3FB}.Release|Any CPU.Build.0 = Release|Any CPU
		{35BF96B5-0139-4DC0-9742-55AFABD20210}.Debug|Any CPU.ActiveCfg = Debug|Any CPU
		{35BF96B5-0139-4DC0-9742-55AFABD20210}.Debug|Any CPU.Build.0 = Debug|Any CPU
		{35BF96B5-0139-4DC0-9742-55AFABD20210}.Release|Any CPU.ActiveCfg = Release|Any CPU
		{35BF96B5-0139-4DC0-9742-55AFABD20210}.Release|Any CPU.Build.0 = Release|Any CPU
		{F78AB3F9-F349-4A1D-89FC-C7214916AA04}.Debug|Any CPU.ActiveCfg = Debug|Any CPU
		{F78AB3F9-F349-4A1D-89FC-C7214916AA04}.Debug|Any CPU.Build.0 = Debug|Any CPU
		{F78AB3F9-F349-4A1D-89FC-C7214916AA04}.Release|Any CPU.ActiveCfg = Release|Any CPU
		{F78AB3F9-F349-4A1D-89FC-C7214916AA04}.Release|Any CPU.Build.0 = Release|Any CPU
		{F2BBC7A6-C178-4E76-9B5B-B5EA6E7AB364}.Debug|Any CPU.ActiveCfg = Debug|Any CPU
		{F2BBC7A6-C178-4E76-9B5B-B5EA6E7AB364}.Debug|Any CPU.Build.0 = Debug|Any CPU
		{F2BBC7A6-C178-4E76-9B5B-B5EA6E7AB364}.Release|Any CPU.ActiveCfg = Release|Any CPU
		{F2BBC7A6-C178-4E76-9B5B-B5EA6E7AB364}.Release|Any CPU.Build.0 = Release|Any CPU
		{827E90CE-525F-4AEB-9974-E25D600C297F}.Debug|Any CPU.ActiveCfg = Debug|Any CPU
		{827E90CE-525F-4AEB-9974-E25D600C297F}.Debug|Any CPU.Build.0 = Debug|Any CPU
		{827E90CE-525F-4AEB-9974-E25D600C297F}.Release|Any CPU.ActiveCfg = Release|Any CPU
		{827E90CE-525F-4AEB-9974-E25D600C297F}.Release|Any CPU.Build.0 = Release|Any CPU
		{B6BD3B90-E91E-40BE-8FFA-332D1BE3E671}.Debug|Any CPU.ActiveCfg = Debug|Any CPU
		{B6BD3B90-E91E-40BE-8FFA-332D1BE3E671}.Debug|Any CPU.Build.0 = Debug|Any CPU
		{B6BD3B90-E91E-40BE-8FFA-332D1BE3E671}.Release|Any CPU.ActiveCfg = Release|Any CPU
		{B6BD3B90-E91E-40BE-8FFA-332D1BE3E671}.Release|Any CPU.Build.0 = Release|Any CPU
		{77B66E7F-E2D1-4FD2-A158-04EEEF14F667}.Debug|Any CPU.ActiveCfg = Debug|Any CPU
		{77B66E7F-E2D1-4FD2-A158-04EEEF14F667}.Debug|Any CPU.Build.0 = Debug|Any CPU
		{77B66E7F-E2D1-4FD2-A158-04EEEF14F667}.Release|Any CPU.ActiveCfg = Release|Any CPU
		{77B66E7F-E2D1-4FD2-A158-04EEEF14F667}.Release|Any CPU.Build.0 = Release|Any CPU
	EndGlobalSection
	GlobalSection(SolutionProperties) = preSolution
		HideSolutionNode = FALSE
	EndGlobalSection
	GlobalSection(NestedProjects) = preSolution
		{E98AFE12-440F-4E39-B800-87492A7F724F} = {E9723AAC-C91B-49D3-860B-E5D98669858B}
		{326952AA-CA6A-489F-8D87-FD4ED50CDEF4} = {E98AFE12-440F-4E39-B800-87492A7F724F}
		{4C352A59-DA23-4377-8385-D7DD2366B3FB} = {E98AFE12-440F-4E39-B800-87492A7F724F}
		{35BF96B5-0139-4DC0-9742-55AFABD20210} = {E98AFE12-440F-4E39-B800-87492A7F724F}
		{D0FE047E-037F-40B3-A47E-84F04F91DF6D} = {E9723AAC-C91B-49D3-860B-E5D98669858B}
		{F78AB3F9-F349-4A1D-89FC-C7214916AA04} = {D0FE047E-037F-40B3-A47E-84F04F91DF6D}
		{F2BBC7A6-C178-4E76-9B5B-B5EA6E7AB364} = {D0FE047E-037F-40B3-A47E-84F04F91DF6D}
		{827E90CE-525F-4AEB-9974-E25D600C297F} = {D0FE047E-037F-40B3-A47E-84F04F91DF6D}
	EndGlobalSection
	GlobalSection(ExtensibilityGlobals) = postSolution
		SolutionGuid = {A93C79DF-EBB7-4AE6-882C-BE277F7B51BA}
	EndGlobalSection
EndGlobal
